
Microsoft Visual Studio Solution File, Format Version 12.00
# Visual Studio 15
VisualStudioVersion = 15.0.27520.0
MinimumVisualStudioVersion = 10.0.40219.1
Project("{9A19103F-16F7-4668-BE54-9A1E7A4F7556}") = "LogReader", "src\LogReader\LogReader.csproj", "{44735DB4-E9E3-4011-9733-0015FF76FD43}"
EndProject
Project("{9A19103F-16F7-4668-BE54-9A1E7A4F7556}") = "LogWriter", "src\LogWriter\LogWriter.csproj", "{04A83BF4-0D63-48DC-863E-5F64ABAA0F5E}"
EndProject
Project("{9A19103F-16F7-4668-BE54-9A1E7A4F7556}") = "Shared", "src\Shared\Shared.csproj", "{09E219A3-0F70-47B3-9B63-9AE49A9F1403}"
EndProject
Project("{2150E333-8FDC-42A3-9474-1A3956D46DE8}") = "src", "src", "{4AB05F4C-C5EE-4AF2-9FE4-678B64D31B17}"
EndProject
Project("{2150E333-8FDC-42A3-9474-1A3956D46DE8}") = "test", "test", "{CF5EDA97-CCB1-4368-89EF-BB8088234074}"
EndProject
Project("{2150E333-8FDC-42A3-9474-1A3956D46DE8}") = "shared", "shared", "{8C321C04-80F0-415D-954A-AE0BE477C124}"
EndProject
Project("{FAE04EC0-301F-11D3-BF4B-00C04F79EFBC}") = "UnitTests", "test\UnitTests\UnitTests.csproj", "{9ED0C0AB-66F1-4649-8306-398DDF258B81}"
EndProject
Global
	GlobalSection(SolutionConfigurationPlatforms) = preSolution
		Debug|Any CPU = Debug|Any CPU
		Release|Any CPU = Release|Any CPU
	EndGlobalSection
	GlobalSection(ProjectConfigurationPlatforms) = postSolution
		{44735DB4-E9E3-4011-9733-0015FF76FD43}.Debug|Any CPU.ActiveCfg = Debug|Any CPU
		{44735DB4-E9E3-4011-9733-0015FF76FD43}.Debug|Any CPU.Build.0 = Debug|Any CPU
		{44735DB4-E9E3-4011-9733-0015FF76FD43}.Release|Any CPU.ActiveCfg = Release|Any CPU
		{44735DB4-E9E3-4011-9733-0015FF76FD43}.Release|Any CPU.Build.0 = Release|Any CPU
		{04A83BF4-0D63-48DC-863E-5F64ABAA0F5E}.Debug|Any CPU.ActiveCfg = Debug|Any CPU
		{04A83BF4-0D63-48DC-863E-5F64ABAA0F5E}.Debug|Any CPU.Build.0 = Debug|Any CPU
		{04A83BF4-0D63-48DC-863E-5F64ABAA0F5E}.Release|Any CPU.ActiveCfg = Release|Any CPU
		{04A83BF4-0D63-48DC-863E-5F64ABAA0F5E}.Release|Any CPU.Build.0 = Release|Any CPU
		{09E219A3-0F70-47B3-9B63-9AE49A9F1403}.Debug|Any CPU.ActiveCfg = Debug|Any CPU
		{09E219A3-0F70-47B3-9B63-9AE49A9F1403}.Debug|Any CPU.Build.0 = Debug|Any CPU
		{09E219A3-0F70-47B3-9B63-9AE49A9F1403}.Release|Any CPU.ActiveCfg = Release|Any CPU
		{09E219A3-0F70-47B3-9B63-9AE49A9F1403}.Release|Any CPU.Build.0 = Release|Any CPU
		{9ED0C0AB-66F1-4649-8306-398DDF258B81}.Debug|Any CPU.ActiveCfg = Debug|Any CPU
		{9ED0C0AB-66F1-4649-8306-398DDF258B81}.Debug|Any CPU.Build.0 = Debug|Any CPU
		{9ED0C0AB-66F1-4649-8306-398DDF258B81}.Release|Any CPU.ActiveCfg = Release|Any CPU
		{9ED0C0AB-66F1-4649-8306-398DDF258B81}.Release|Any CPU.Build.0 = Release|Any CPU
	EndGlobalSection
	GlobalSection(SolutionProperties) = preSolution
		HideSolutionNode = FALSE
	EndGlobalSection
	GlobalSection(NestedProjects) = preSolution
		{44735DB4-E9E3-4011-9733-0015FF76FD43} = {4AB05F4C-C5EE-4AF2-9FE4-678B64D31B17}
		{04A83BF4-0D63-48DC-863E-5F64ABAA0F5E} = {4AB05F4C-C5EE-4AF2-9FE4-678B64D31B17}
		{09E219A3-0F70-47B3-9B63-9AE49A9F1403} = {8C321C04-80F0-415D-954A-AE0BE477C124}
		{9ED0C0AB-66F1-4649-8306-398DDF258B81} = {CF5EDA97-CCB1-4368-89EF-BB8088234074}
	EndGlobalSection
	GlobalSection(ExtensibilityGlobals) = postSolution
		SolutionGuid = {17126641-2D1F-4E24-AFA1-C485672DF417}
	EndGlobalSection
EndGlobal
